
Microsoft Visual Studio Solution File, Format Version 12.00
#
Project("{2150E333-8FDC-42A3-9474-1A3956D46DE8}") = "src", "src", "{682C7731-4D76-4D97-BE7B-9C845EF2B1F8}"
EndProject
Project("{FAE04EC0-301F-11D3-BF4B-00C04F79EFBC}") = "Application", "src\Application\Application.csproj", "{04D98B00-E8B6-49E8-B5E1-4286D103E215}"
EndProject
Project("{FAE04EC0-301F-11D3-BF4B-00C04F79EFBC}") = "Infrastructure", "src\Infrastructure\Infrastructure.csproj", "{5FEFB1A6-6C7D-4847-944D-3F4916138FF0}"
EndProject
Project("{FAE04EC0-301F-11D3-BF4B-00C04F79EFBC}") = "Domain", "src\Domain\Domain.csproj", "{92D8B38B-B0C0-495E-8CF7-0DE688837CAB}"
EndProject
Project("{FAE04EC0-301F-11D3-BF4B-00C04F79EFBC}") = "SharedKernel", "src\SharedKernel\SharedKernel.csproj", "{0380A3E0-7DA9-48C8-A302-94733873C02B}"
EndProject
Project("{FAE04EC0-301F-11D3-BF4B-00C04F79EFBC}") = "WebApi", "src\WebApi\WebApi.csproj", "{C2394C9F-989A-4F67-B08B-77460B70365C}"
EndProject
Global
	GlobalSection(SolutionConfigurationPlatforms) = preSolution
		Debug|Any CPU = Debug|Any CPU
		Release|Any CPU = Release|Any CPU
	EndGlobalSection
	GlobalSection(NestedProjects) = preSolution
		{04D98B00-E8B6-49E8-B5E1-4286D103E215} = {682C7731-4D76-4D97-BE7B-9C845EF2B1F8}
		{5FEFB1A6-6C7D-4847-944D-3F4916138FF0} = {682C7731-4D76-4D97-BE7B-9C845EF2B1F8}
		{92D8B38B-B0C0-495E-8CF7-0DE688837CAB} = {682C7731-4D76-4D97-BE7B-9C845EF2B1F8}
		{0380A3E0-7DA9-48C8-A302-94733873C02B} = {682C7731-4D76-4D97-BE7B-9C845EF2B1F8}
		{C2394C9F-989A-4F67-B08B-77460B70365C} = {682C7731-4D76-4D97-BE7B-9C845EF2B1F8}
	EndGlobalSection
	GlobalSection(ProjectConfigurationPlatforms) = postSolution
		{F469D27C-A39B-4F95-A1EC-0A2096C6A256}.Debug|Any CPU.ActiveCfg = Debug|Any CPU
		{F469D27C-A39B-4F95-A1EC-0A2096C6A256}.Debug|Any CPU.Build.0 = Debug|Any CPU
		{F469D27C-A39B-4F95-A1EC-0A2096C6A256}.Release|Any CPU.ActiveCfg = Release|Any CPU
		{F469D27C-A39B-4F95-A1EC-0A2096C6A256}.Release|Any CPU.Build.0 = Release|Any CPU
		{E412D8AC-E694-480A-9923-BC7EE7F69F09}.Debug|Any CPU.ActiveCfg = Debug|Any CPU
		{E412D8AC-E694-480A-9923-BC7EE7F69F09}.Debug|Any CPU.Build.0 = Debug|Any CPU
		{E412D8AC-E694-480A-9923-BC7EE7F69F09}.Release|Any CPU.ActiveCfg = Release|Any CPU
		{E412D8AC-E694-480A-9923-BC7EE7F69F09}.Release|Any CPU.Build.0 = Release|Any CPU
		{04D98B00-E8B6-49E8-B5E1-4286D103E215}.Debug|Any CPU.ActiveCfg = Debug|Any CPU
		{04D98B00-E8B6-49E8-B5E1-4286D103E215}.Debug|Any CPU.Build.0 = Debug|Any CPU
		{04D98B00-E8B6-49E8-B5E1-4286D103E215}.Release|Any CPU.ActiveCfg = Release|Any CPU
		{04D98B00-E8B6-49E8-B5E1-4286D103E215}.Release|Any CPU.Build.0 = Release|Any CPU
		{5FEFB1A6-6C7D-4847-944D-3F4916138FF0}.Debug|Any CPU.ActiveCfg = Debug|Any CPU
		{5FEFB1A6-6C7D-4847-944D-3F4916138FF0}.Debug|Any CPU.Build.0 = Debug|Any CPU
		{5FEFB1A6-6C7D-4847-944D-3F4916138FF0}.Release|Any CPU.ActiveCfg = Release|Any CPU
		{5FEFB1A6-6C7D-4847-944D-3F4916138FF0}.Release|Any CPU.Build.0 = Release|Any CPU
		{92D8B38B-B0C0-495E-8CF7-0DE688837CAB}.Debug|Any CPU.ActiveCfg = Debug|Any CPU
		{92D8B38B-B0C0-495E-8CF7-0DE688837CAB}.Debug|Any CPU.Build.0 = Debug|Any CPU
		{92D8B38B-B0C0-495E-8CF7-0DE688837CAB}.Release|Any CPU.ActiveCfg = Release|Any CPU
		{92D8B38B-B0C0-495E-8CF7-0DE688837CAB}.Release|Any CPU.Build.0 = Release|Any CPU
		{0380A3E0-7DA9-48C8-A302-94733873C02B}.Debug|Any CPU.ActiveCfg = Debug|Any CPU
		{0380A3E0-7DA9-48C8-A302-94733873C02B}.Debug|Any CPU.Build.0 = Debug|Any CPU
		{0380A3E0-7DA9-48C8-A302-94733873C02B}.Release|Any CPU.ActiveCfg = Release|Any CPU
		{0380A3E0-7DA9-48C8-A302-94733873C02B}.Release|Any CPU.Build.0 = Release|Any CPU
		{C2394C9F-989A-4F67-B08B-77460B70365C}.Debug|Any CPU.ActiveCfg = Debug|Any CPU
		{C2394C9F-989A-4F67-B08B-77460B70365C}.Debug|Any CPU.Build.0 = Debug|Any CPU
		{C2394C9F-989A-4F67-B08B-77460B70365C}.Release|Any CPU.ActiveCfg = Release|Any CPU
		{C2394C9F-989A-4F67-B08B-77460B70365C}.Release|Any CPU.Build.0 = Release|Any CPU
	EndGlobalSection
EndGlobal
